
Microsoft Visual Studio Solution File, Format Version 12.00
# Visual Studio Version 17
VisualStudioVersion = 17.14.36408.4 d17.14
MinimumVisualStudioVersion = 10.0.40219.1
Project("{FAE04EC0-301F-11D3-BF4B-00C04F79EFBC}") = "ApiVentas", "ApiVentas\ApiVentas.csproj", "{0A9E9E34-0AB8-47E9-B659-E41A5A43F1DF}"
EndProject
Project("{FAE04EC0-301F-11D3-BF4B-00C04F79EFBC}") = "WebVentas", "WebVentas\WebVentas.csproj", "{A3B21F1A-877A-4280-977B-E71ED7F0F402}"
EndProject
Global
	GlobalSection(SolutionConfigurationPlatforms) = preSolution
		Debug|Any CPU = Debug|Any CPU
		Release|Any CPU = Release|Any CPU
	EndGlobalSection
	GlobalSection(ProjectConfigurationPlatforms) = postSolution
		{0A9E9E34-0AB8-47E9-B659-E41A5A43F1DF}.Debug|Any CPU.ActiveCfg = Debug|Any CPU
		{0A9E9E34-0AB8-47E9-B659-E41A5A43F1DF}.Debug|Any CPU.Build.0 = Debug|Any CPU
		{0A9E9E34-0AB8-47E9-B659-E41A5A43F1DF}.Release|Any CPU.ActiveCfg = Release|Any CPU
		{0A9E9E34-0AB8-47E9-B659-E41A5A43F1DF}.Release|Any CPU.Build.0 = Release|Any CPU
		{A3B21F1A-877A-4280-977B-E71ED7F0F402}.Debug|Any CPU.ActiveCfg = Debug|Any CPU
		{A3B21F1A-877A-4280-977B-E71ED7F0F402}.Debug|Any CPU.Build.0 = Debug|Any CPU
		{A3B21F1A-877A-4280-977B-E71ED7F0F402}.Release|Any CPU.ActiveCfg = Release|Any CPU
		{A3B21F1A-877A-4280-977B-E71ED7F0F402}.Release|Any CPU.Build.0 = Release|Any CPU
	EndGlobalSection
	GlobalSection(SolutionProperties) = preSolution
		HideSolutionNode = FALSE
	EndGlobalSection
	GlobalSection(ExtensibilityGlobals) = postSolution
		SolutionGuid = {0F143C98-B1DA-4C03-9B1E-9C555611D406}
	EndGlobalSection
EndGlobal
